// !$*UTF8*$!
{
	archiveVersion = 1;
	classes = {
	};
	objectVersion = 56;
	objects = {

/* Begin PBXBuildFile section */
		/* Models */
		100000000000000000000001 /* OutputMode.swift in Sources */ = {isa = PBXBuildFile; fileRef = 200000000000000000000001 /* OutputMode.swift */; };
		100000000000000000000002 /* HotkeyConfig.swift in Sources */ = {isa = PBXBuildFile; fileRef = 200000000000000000000002 /* HotkeyConfig.swift */; };
		100000000000000000000003 /* HistoryItem.swift in Sources */ = {isa = PBXBuildFile; fileRef = 200000000000000000000003 /* HistoryItem.swift */; };
		100000000000000000000004 /* AppConfig.swift in Sources */ = {isa = PBXBuildFile; fileRef = 200000000000000000000004 /* AppConfig.swift */; };
		100000000000000000000005 /* Language.swift in Sources */ = {isa = PBXBuildFile; fileRef = 200000000000000000000005 /* Language.swift */; };
		100000000000000000000006 /* WhisperModel.swift in Sources */ = {isa = PBXBuildFile; fileRef = 200000000000000000000006 /* WhisperModel.swift */; };
		100000000000000000000007 /* AppPaths.swift in Sources */ = {isa = PBXBuildFile; fileRef = 200000000000000000000007 /* AppPaths.swift */; };
		100000000000000000000008 /* MicDistance.swift in Sources */ = {isa = PBXBuildFile; fileRef = 200000000000000000000008 /* MicDistance.swift */; };

		/* Services */
		100000000000000000000011 /* ConfigService.swift in Sources */ = {isa = PBXBuildFile; fileRef = 200000000000000000000011 /* ConfigService.swift */; };
		100000000000000000000012 /* AudioRecorder.swift in Sources */ = {isa = PBXBuildFile; fileRef = 200000000000000000000012 /* AudioRecorder.swift */; };
		100000000000000000000013 /* AudioFeedback.swift in Sources */ = {isa = PBXBuildFile; fileRef = 200000000000000000000013 /* AudioFeedback.swift */; };
		100000000000000000000014 /* Transcriber.swift in Sources */ = {isa = PBXBuildFile; fileRef = 200000000000000000000014 /* Transcriber.swift */; };
		100000000000000000000025 /* LocalLLMService.swift in Sources */ = {isa = PBXBuildFile; fileRef = 200000000000000000000025 /* LocalLLMService.swift */; };
		100000000000000000000026 /* LLMSetupManager.swift in Sources */ = {isa = PBXBuildFile; fileRef = 200000000000000000000026 /* LLMSetupManager.swift */; };
		100000000000000000000016 /* ClipboardManager.swift in Sources */ = {isa = PBXBuildFile; fileRef = 200000000000000000000016 /* ClipboardManager.swift */; };
		100000000000000000000017 /* HotkeyManager.swift in Sources */ = {isa = PBXBuildFile; fileRef = 200000000000000000000017 /* HotkeyManager.swift */; };
		100000000000000000000018 /* Logger.swift in Sources */ = {isa = PBXBuildFile; fileRef = 200000000000000000000018 /* Logger.swift */; };
		100000000000000000000019 /* TextToSpeechService.swift in Sources */ = {isa = PBXBuildFile; fileRef = 200000000000000000000019 /* TextToSpeechService.swift */; };
		100000000000000000000020 /* TextSelectionService.swift in Sources */ = {isa = PBXBuildFile; fileRef = 200000000000000000000020 /* TextSelectionService.swift */; };

		/* ViewModels */
		100000000000000000000021 /* MenuBarViewModel.swift in Sources */ = {isa = PBXBuildFile; fileRef = 200000000000000000000021 /* MenuBarViewModel.swift */; };

		/* Views */
		100000000000000000000031 /* MenuBarView.swift in Sources */ = {isa = PBXBuildFile; fileRef = 200000000000000000000031 /* MenuBarView.swift */; };
		100000000000000000000032 /* HotkeyRecordingWindow.swift in Sources */ = {isa = PBXBuildFile; fileRef = 200000000000000000000032 /* HotkeyRecordingWindow.swift */; };
		100000000000000000000033 /* OnboardingWindow.swift in Sources */ = {isa = PBXBuildFile; fileRef = 200000000000000000000033 /* OnboardingWindow.swift */; };
		100000000000000000000034 /* CustomPromptWindow.swift in Sources */ = {isa = PBXBuildFile; fileRef = 200000000000000000000034 /* CustomPromptWindow.swift */; };

		/* App */
		100000000000000000000041 /* DiktaApp.swift in Sources */ = {isa = PBXBuildFile; fileRef = 200000000000000000000041 /* DiktaApp.swift */; };

		/* Resources */
		100000000000000000000051 /* Assets.xcassets in Resources */ = {isa = PBXBuildFile; fileRef = 200000000000000000000051 /* Assets.xcassets */; };
		100000000000000000000052 /* kokoro_server.py in Resources */ = {isa = PBXBuildFile; fileRef = 200000000000000000000054 /* kokoro_server.py */; };
		100000000000000000000053 /* setup.sh in Resources */ = {isa = PBXBuildFile; fileRef = 200000000000000000000055 /* setup.sh */; };

		/* WhisperKit */
		100000000000000000000061 /* WhisperKit in Frameworks */ = {isa = PBXBuildFile; productRef = 300000000000000000000001 /* WhisperKit */; };
		100000000000000000000062 /* LlamaSwift in Frameworks */ = {isa = PBXBuildFile; productRef = 300000000000000000000002 /* LlamaSwift */; };
/* End PBXBuildFile section */

/* Begin PBXFileReference section */
		/* Models */
		200000000000000000000001 /* OutputMode.swift */ = {isa = PBXFileReference; lastKnownFileType = sourcecode.swift; path = OutputMode.swift; sourceTree = "<group>"; };
		200000000000000000000002 /* HotkeyConfig.swift */ = {isa = PBXFileReference; lastKnownFileType = sourcecode.swift; path = HotkeyConfig.swift; sourceTree = "<group>"; };
		200000000000000000000003 /* HistoryItem.swift */ = {isa = PBXFileReference; lastKnownFileType = sourcecode.swift; path = HistoryItem.swift; sourceTree = "<group>"; };
		200000000000000000000004 /* AppConfig.swift */ = {isa = PBXFileReference; lastKnownFileType = sourcecode.swift; path = AppConfig.swift; sourceTree = "<group>"; };
		200000000000000000000005 /* Language.swift */ = {isa = PBXFileReference; lastKnownFileType = sourcecode.swift; path = Language.swift; sourceTree = "<group>"; };
		200000000000000000000006 /* WhisperModel.swift */ = {isa = PBXFileReference; lastKnownFileType = sourcecode.swift; path = WhisperModel.swift; sourceTree = "<group>"; };
		200000000000000000000007 /* AppPaths.swift */ = {isa = PBXFileReference; lastKnownFileType = sourcecode.swift; path = AppPaths.swift; sourceTree = "<group>"; };
		200000000000000000000008 /* MicDistance.swift */ = {isa = PBXFileReference; lastKnownFileType = sourcecode.swift; path = MicDistance.swift; sourceTree = "<group>"; };

		/* Services */
		200000000000000000000011 /* ConfigService.swift */ = {isa = PBXFileReference; lastKnownFileType = sourcecode.swift; path = ConfigService.swift; sourceTree = "<group>"; };
		200000000000000000000012 /* AudioRecorder.swift */ = {isa = PBXFileReference; lastKnownFileType = sourcecode.swift; path = AudioRecorder.swift; sourceTree = "<group>"; };
		200000000000000000000013 /* AudioFeedback.swift */ = {isa = PBXFileReference; lastKnownFileType = sourcecode.swift; path = AudioFeedback.swift; sourceTree = "<group>"; };
		200000000000000000000014 /* Transcriber.swift */ = {isa = PBXFileReference; lastKnownFileType = sourcecode.swift; path = Transcriber.swift; sourceTree = "<group>"; };
		200000000000000000000025 /* LocalLLMService.swift */ = {isa = PBXFileReference; lastKnownFileType = sourcecode.swift; path = LocalLLMService.swift; sourceTree = "<group>"; };
		200000000000000000000026 /* LLMSetupManager.swift */ = {isa = PBXFileReference; lastKnownFileType = sourcecode.swift; path = LLMSetupManager.swift; sourceTree = "<group>"; };
		200000000000000000000016 /* ClipboardManager.swift */ = {isa = PBXFileReference; lastKnownFileType = sourcecode.swift; path = ClipboardManager.swift; sourceTree = "<group>"; };
		200000000000000000000017 /* HotkeyManager.swift */ = {isa = PBXFileReference; lastKnownFileType = sourcecode.swift; path = HotkeyManager.swift; sourceTree = "<group>"; };
		200000000000000000000018 /* Logger.swift */ = {isa = PBXFileReference; lastKnownFileType = sourcecode.swift; path = Logger.swift; sourceTree = "<group>"; };
		200000000000000000000019 /* TextToSpeechService.swift */ = {isa = PBXFileReference; lastKnownFileType = sourcecode.swift; path = TextToSpeechService.swift; sourceTree = "<group>"; };
		200000000000000000000020 /* TextSelectionService.swift */ = {isa = PBXFileReference; lastKnownFileType = sourcecode.swift; path = TextSelectionService.swift; sourceTree = "<group>"; };

		/* ViewModels */
		200000000000000000000021 /* MenuBarViewModel.swift */ = {isa = PBXFileReference; lastKnownFileType = sourcecode.swift; path = MenuBarViewModel.swift; sourceTree = "<group>"; };

		/* Views */
		200000000000000000000031 /* MenuBarView.swift */ = {isa = PBXFileReference; lastKnownFileType = sourcecode.swift; path = MenuBarView.swift; sourceTree = "<group>"; };
		200000000000000000000032 /* HotkeyRecordingWindow.swift */ = {isa = PBXFileReference; lastKnownFileType = sourcecode.swift; path = HotkeyRecordingWindow.swift; sourceTree = "<group>"; };
		200000000000000000000033 /* OnboardingWindow.swift */ = {isa = PBXFileReference; lastKnownFileType = sourcecode.swift; path = OnboardingWindow.swift; sourceTree = "<group>"; };
		200000000000000000000034 /* CustomPromptWindow.swift */ = {isa = PBXFileReference; lastKnownFileType = sourcecode.swift; path = CustomPromptWindow.swift; sourceTree = "<group>"; };

		/* App */
		200000000000000000000041 /* DiktaApp.swift */ = {isa = PBXFileReference; lastKnownFileType = sourcecode.swift; path = DiktaApp.swift; sourceTree = "<group>"; };

		/* Resources */
		200000000000000000000051 /* Assets.xcassets */ = {isa = PBXFileReference; lastKnownFileType = folder.assetcatalog; path = Assets.xcassets; sourceTree = "<group>"; };
		200000000000000000000052 /* Info.plist */ = {isa = PBXFileReference; lastKnownFileType = text.plist.xml; path = Info.plist; sourceTree = "<group>"; };
		200000000000000000000053 /* Dikta.entitlements */ = {isa = PBXFileReference; lastKnownFileType = text.plist.entitlements; path = Dikta.entitlements; sourceTree = "<group>"; };
		200000000000000000000054 /* kokoro_server.py */ = {isa = PBXFileReference; lastKnownFileType = text.script.python; name = kokoro_server.py; path = ../../kokoro_server.py; sourceTree = "<group>"; };
		200000000000000000000055 /* setup.sh */ = {isa = PBXFileReference; lastKnownFileType = text.script.sh; name = setup.sh; path = ../../setup.sh; sourceTree = "<group>"; };

		/* Product */
		400000000000000000000001 /* Dikta.app */ = {isa = PBXFileReference; explicitFileType = wrapper.application; includeInIndex = 0; path = "Dikta.app"; sourceTree = BUILT_PRODUCTS_DIR; };
/* End PBXFileReference section */

/* Begin PBXFrameworksBuildPhase section */
		500000000000000000000001 /* Frameworks */ = {
			isa = PBXFrameworksBuildPhase;
			buildActionMask = 2147483647;
			files = (
				100000000000000000000061 /* WhisperKit in Frameworks */,
				100000000000000000000062 /* LlamaSwift in Frameworks */,
			);
			runOnlyForDeploymentPostprocessing = 0;
		};
/* End PBXFrameworksBuildPhase section */

/* Begin PBXGroup section */
		600000000000000000000000 = {
			isa = PBXGroup;
			children = (
				600000000000000000000001 /* Dikta */,
				600000000000000000000099 /* Products */,
			);
			sourceTree = "<group>";
		};
		600000000000000000000001 /* Dikta */ = {
			isa = PBXGroup;
			children = (
				200000000000000000000041 /* DiktaApp.swift */,
				600000000000000000000002 /* Models */,
				600000000000000000000003 /* Services */,
				600000000000000000000004 /* ViewModels */,
				600000000000000000000005 /* Views */,
				600000000000000000000006 /* Resources */,
			);
			path = Dikta;
			sourceTree = "<group>";
		};
		600000000000000000000002 /* Models */ = {
			isa = PBXGroup;
			children = (
				200000000000000000000001 /* OutputMode.swift */,
				200000000000000000000002 /* HotkeyConfig.swift */,
				200000000000000000000003 /* HistoryItem.swift */,
				200000000000000000000004 /* AppConfig.swift */,
				200000000000000000000005 /* Language.swift */,
				200000000000000000000006 /* WhisperModel.swift */,
				200000000000000000000007 /* AppPaths.swift */,
				200000000000000000000008 /* MicDistance.swift */,
			);
			path = Models;
			sourceTree = "<group>";
		};
		600000000000000000000003 /* Services */ = {
			isa = PBXGroup;
			children = (
				200000000000000000000011 /* ConfigService.swift */,
				200000000000000000000012 /* AudioRecorder.swift */,
				200000000000000000000013 /* AudioFeedback.swift */,
				200000000000000000000014 /* Transcriber.swift */,
				200000000000000000000025 /* LocalLLMService.swift */,
				200000000000000000000026 /* LLMSetupManager.swift */,
				200000000000000000000016 /* ClipboardManager.swift */,
				200000000000000000000017 /* HotkeyManager.swift */,
				200000000000000000000018 /* Logger.swift */,
				200000000000000000000019 /* TextToSpeechService.swift */,
				200000000000000000000020 /* TextSelectionService.swift */,
			);
			path = Services;
			sourceTree = "<group>";
		};
		600000000000000000000004 /* ViewModels */ = {
			isa = PBXGroup;
			children = (
				200000000000000000000021 /* MenuBarViewModel.swift */,
			);
			path = ViewModels;
			sourceTree = "<group>";
		};
		600000000000000000000005 /* Views */ = {
			isa = PBXGroup;
			children = (
				200000000000000000000031 /* MenuBarView.swift */,
				200000000000000000000032 /* HotkeyRecordingWindow.swift */,
				200000000000000000000033 /* OnboardingWindow.swift */,
				200000000000000000000034 /* CustomPromptWindow.swift */,
			);
			path = Views;
			sourceTree = "<group>";
		};
		600000000000000000000006 /* Resources */ = {
			isa = PBXGroup;
			children = (
				200000000000000000000051 /* Assets.xcassets */,
				200000000000000000000052 /* Info.plist */,
				200000000000000000000053 /* Dikta.entitlements */,
				200000000000000000000054 /* kokoro_server.py */,
				200000000000000000000055 /* setup.sh */,
			);
			path = Resources;
			sourceTree = "<group>";
		};
		600000000000000000000099 /* Products */ = {
			isa = PBXGroup;
			children = (
				400000000000000000000001 /* Dikta.app */,
			);
			name = Products;
			sourceTree = "<group>";
		};
/* End PBXGroup section */

/* Begin PBXNativeTarget section */
		700000000000000000000001 /* Dikta */ = {
			isa = PBXNativeTarget;
			buildConfigurationList = 800000000000000000000003 /* Build configuration list for PBXNativeTarget "Dikta" */;
			buildPhases = (
				500000000000000000000002 /* Sources */,
				500000000000000000000001 /* Frameworks */,
				500000000000000000000003 /* Resources */,
			);
			buildRules = (
			);
			dependencies = (
			);
			name = Dikta;
			packageProductDependencies = (
				300000000000000000000001 /* WhisperKit */,
				300000000000000000000002 /* LlamaSwift */,
			);
			productName = Dikta;
			productReference = 400000000000000000000001 /* Dikta.app */;
			productType = "com.apple.product-type.application";
		};
/* End PBXNativeTarget section */

/* Begin PBXProject section */
		900000000000000000000001 /* Project object */ = {
			isa = PBXProject;
			attributes = {
				BuildIndependentTargetsInParallel = 1;
				LastSwiftUpdateCheck = 1500;
				LastUpgradeCheck = 1500;
				TargetAttributes = {
					700000000000000000000001 = {
						CreatedOnToolsVersion = 15.0;
					};
				};
			};
			buildConfigurationList = 800000000000000000000001 /* Build configuration list for PBXProject "Dikta" */;
			compatibilityVersion = "Xcode 14.0";
			developmentRegion = en;
			hasScannedForEncodings = 0;
			knownRegions = (
				en,
				Base,
			);
			mainGroup = 600000000000000000000000;
			packageReferences = (
				A00000000000000000000001 /* XCRemoteSwiftPackageReference "WhisperKit" */,
				A00000000000000000000002 /* XCRemoteSwiftPackageReference "llama.swift" */,
			);
			productRefGroup = 600000000000000000000099 /* Products */;
			projectDirPath = "";
			projectRoot = "";
			targets = (
				700000000000000000000001 /* Dikta */,
			);
		};
/* End PBXProject section */

/* Begin PBXResourcesBuildPhase section */
		500000000000000000000003 /* Resources */ = {
			isa = PBXResourcesBuildPhase;
			buildActionMask = 2147483647;
			files = (
				100000000000000000000051 /* Assets.xcassets in Resources */,
				100000000000000000000052 /* kokoro_server.py in Resources */,
				100000000000000000000053 /* setup.sh in Resources */,
			);
			runOnlyForDeploymentPostprocessing = 0;
		};
/* End PBXResourcesBuildPhase section */

/* Begin PBXSourcesBuildPhase section */
		500000000000000000000002 /* Sources */ = {
			isa = PBXSourcesBuildPhase;
			buildActionMask = 2147483647;
			files = (
				100000000000000000000001 /* OutputMode.swift in Sources */,
				100000000000000000000002 /* HotkeyConfig.swift in Sources */,
				100000000000000000000003 /* HistoryItem.swift in Sources */,
				100000000000000000000004 /* AppConfig.swift in Sources */,
				100000000000000000000011 /* ConfigService.swift in Sources */,
				100000000000000000000012 /* AudioRecorder.swift in Sources */,
				100000000000000000000013 /* AudioFeedback.swift in Sources */,
				100000000000000000000014 /* Transcriber.swift in Sources */,
				100000000000000000000025 /* LocalLLMService.swift in Sources */,
				100000000000000000000026 /* LLMSetupManager.swift in Sources */,
				100000000000000000000007 /* AppPaths.swift in Sources */,
				100000000000000000000016 /* ClipboardManager.swift in Sources */,
				100000000000000000000017 /* HotkeyManager.swift in Sources */,
				100000000000000000000021 /* MenuBarViewModel.swift in Sources */,
				100000000000000000000031 /* MenuBarView.swift in Sources */,
				100000000000000000000041 /* DiktaApp.swift in Sources */,
				100000000000000000000005 /* Language.swift in Sources */,
				100000000000000000000006 /* WhisperModel.swift in Sources */,
				100000000000000000000008 /* MicDistance.swift in Sources */,
				100000000000000000000018 /* Logger.swift in Sources */,
				100000000000000000000019 /* TextToSpeechService.swift in Sources */,
				100000000000000000000020 /* TextSelectionService.swift in Sources */,
				100000000000000000000032 /* HotkeyRecordingWindow.swift in Sources */,
				100000000000000000000033 /* OnboardingWindow.swift in Sources */,
				100000000000000000000034 /* CustomPromptWindow.swift in Sources */,
			);
			runOnlyForDeploymentPostprocessing = 0;
		};
/* End PBXSourcesBuildPhase section */

/* Begin XCBuildConfiguration section */
		B00000000000000000000001 /* Debug */ = {
			isa = XCBuildConfiguration;
			buildSettings = {
				ALWAYS_SEARCH_USER_PATHS = NO;
				ASSETCATALOG_COMPILER_GENERATE_SWIFT_ASSET_SYMBOL_EXTENSIONS = YES;
				CLANG_ANALYZER_NONNULL = YES;
				CLANG_ANALYZER_NUMBER_OBJECT_CONVERSION = YES_AGGRESSIVE;
				CLANG_CXX_LANGUAGE_STANDARD = "gnu++20";
				CLANG_ENABLE_MODULES = YES;
				CLANG_ENABLE_OBJC_ARC = YES;
				CLANG_ENABLE_OBJC_WEAK = YES;
				CLANG_WARN_BLOCK_CAPTURE_AUTORELEASING = YES;
				CLANG_WARN_BOOL_CONVERSION = YES;
				CLANG_WARN_COMMA = YES;
				CLANG_WARN_CONSTANT_CONVERSION = YES;
				CLANG_WARN_DEPRECATED_OBJC_IMPLEMENTATIONS = YES;
				CLANG_WARN_DIRECT_OBJC_ISA_USAGE = YES_ERROR;
				CLANG_WARN_DOCUMENTATION_COMMENTS = YES;
				CLANG_WARN_EMPTY_BODY = YES;
				CLANG_WARN_ENUM_CONVERSION = YES;
				CLANG_WARN_INFINITE_RECURSION = YES;
				CLANG_WARN_INT_CONVERSION = YES;
				CLANG_WARN_NON_LITERAL_NULL_CONVERSION = YES;
				CLANG_WARN_OBJC_IMPLICIT_RETAIN_SELF = YES;
				CLANG_WARN_OBJC_LITERAL_CONVERSION = YES;
				CLANG_WARN_OBJC_ROOT_CLASS = YES_ERROR;
				CLANG_WARN_QUOTED_INCLUDE_IN_FRAMEWORK_HEADER = YES;
				CLANG_WARN_RANGE_LOOP_ANALYSIS = YES;
				CLANG_WARN_STRICT_PROTOTYPES = YES;
				CLANG_WARN_SUSPICIOUS_MOVE = YES;
				CLANG_WARN_UNGUARDED_AVAILABILITY = YES_AGGRESSIVE;
				CLANG_WARN_UNREACHABLE_CODE = YES;
				CLANG_WARN__DUPLICATE_METHOD_MATCH = YES;
				COPY_PHASE_STRIP = NO;
				DEBUG_INFORMATION_FORMAT = dwarf;
				ENABLE_STRICT_OBJC_MSGSEND = YES;
				ENABLE_TESTABILITY = YES;
				ENABLE_USER_SCRIPT_SANDBOXING = YES;
				GCC_C_LANGUAGE_STANDARD = gnu17;
				GCC_DYNAMIC_NO_PIC = NO;
				GCC_NO_COMMON_BLOCKS = YES;
				GCC_OPTIMIZATION_LEVEL = 0;
				GCC_PREPROCESSOR_DEFINITIONS = (
					"DEBUG=1",
					"$(inherited)",
				);
				GCC_WARN_64_TO_32_BIT_CONVERSION = YES;
				GCC_WARN_ABOUT_RETURN_TYPE = YES_ERROR;
				GCC_WARN_UNDECLARED_SELECTOR = YES;
				GCC_WARN_UNINITIALIZED_AUTOS = YES_AGGRESSIVE;
				GCC_WARN_UNUSED_FUNCTION = YES;
				GCC_WARN_UNUSED_VARIABLE = YES;
				LOCALIZATION_PREFERS_STRING_CATALOGS = YES;
				MACOSX_DEPLOYMENT_TARGET = 14.0;
				MTL_ENABLE_DEBUG_INFO = INCLUDE_SOURCE;
				MTL_FAST_MATH = YES;
				ONLY_ACTIVE_ARCH = YES;
				SDKROOT = macosx;
				SWIFT_ACTIVE_COMPILATION_CONDITIONS = "DEBUG $(inherited)";
				SWIFT_OPTIMIZATION_LEVEL = "-Onone";
			};
			name = Debug;
		};
		B00000000000000000000002 /* Release */ = {
			isa = XCBuildConfiguration;
			buildSettings = {
				ALWAYS_SEARCH_USER_PATHS = NO;
				ASSETCATALOG_COMPILER_GENERATE_SWIFT_ASSET_SYMBOL_EXTENSIONS = YES;
				CLANG_ANALYZER_NONNULL = YES;
				CLANG_ANALYZER_NUMBER_OBJECT_CONVERSION = YES_AGGRESSIVE;
				CLANG_CXX_LANGUAGE_STANDARD = "gnu++20";
				CLANG_ENABLE_MODULES = YES;
				CLANG_ENABLE_OBJC_ARC = YES;
				CLANG_ENABLE_OBJC_WEAK = YES;
				CLANG_WARN_BLOCK_CAPTURE_AUTORELEASING = YES;
				CLANG_WARN_BOOL_CONVERSION = YES;
				CLANG_WARN_COMMA = YES;
				CLANG_WARN_CONSTANT_CONVERSION = YES;
				CLANG_WARN_DEPRECATED_OBJC_IMPLEMENTATIONS = YES;
				CLANG_WARN_DIRECT_OBJC_ISA_USAGE = YES_ERROR;
				CLANG_WARN_DOCUMENTATION_COMMENTS = YES;
				CLANG_WARN_EMPTY_BODY = YES;
				CLANG_WARN_ENUM_CONVERSION = YES;
				CLANG_WARN_INFINITE_RECURSION = YES;
				CLANG_WARN_INT_CONVERSION = YES;
				CLANG_WARN_NON_LITERAL_NULL_CONVERSION = YES;
				CLANG_WARN_OBJC_IMPLICIT_RETAIN_SELF = YES;
				CLANG_WARN_OBJC_LITERAL_CONVERSION = YES;
				CLANG_WARN_OBJC_ROOT_CLASS = YES_ERROR;
				CLANG_WARN_QUOTED_INCLUDE_IN_FRAMEWORK_HEADER = YES;
				CLANG_WARN_RANGE_LOOP_ANALYSIS = YES;
				CLANG_WARN_STRICT_PROTOTYPES = YES;
				CLANG_WARN_SUSPICIOUS_MOVE = YES;
				CLANG_WARN_UNGUARDED_AVAILABILITY = YES_AGGRESSIVE;
				CLANG_WARN_UNREACHABLE_CODE = YES;
				CLANG_WARN__DUPLICATE_METHOD_MATCH = YES;
				COPY_PHASE_STRIP = NO;
				DEBUG_INFORMATION_FORMAT = "dwarf-with-dsym";
				ENABLE_NS_ASSERTIONS = NO;
				ENABLE_STRICT_OBJC_MSGSEND = YES;
				ENABLE_USER_SCRIPT_SANDBOXING = YES;
				GCC_C_LANGUAGE_STANDARD = gnu17;
				GCC_NO_COMMON_BLOCKS = YES;
				GCC_WARN_64_TO_32_BIT_CONVERSION = YES;
				GCC_WARN_ABOUT_RETURN_TYPE = YES_ERROR;
				GCC_WARN_UNDECLARED_SELECTOR = YES;
				GCC_WARN_UNINITIALIZED_AUTOS = YES_AGGRESSIVE;
				GCC_WARN_UNUSED_FUNCTION = YES;
				GCC_WARN_UNUSED_VARIABLE = YES;
				LOCALIZATION_PREFERS_STRING_CATALOGS = YES;
				MACOSX_DEPLOYMENT_TARGET = 14.0;
				MTL_ENABLE_DEBUG_INFO = NO;
				MTL_FAST_MATH = YES;
				SDKROOT = macosx;
				SWIFT_COMPILATION_MODE = wholemodule;
			};
			name = Release;
		};
		B00000000000000000000003 /* Debug */ = {
			isa = XCBuildConfiguration;
			buildSettings = {
				ASSETCATALOG_COMPILER_APPICON_NAME = AppIcon;
				ASSETCATALOG_COMPILER_GLOBAL_ACCENT_COLOR_NAME = AccentColor;
				CODE_SIGN_ENTITLEMENTS = Dikta/Resources/Dikta.entitlements;
				CODE_SIGN_IDENTITY = "Developer ID Application";
				CODE_SIGN_STYLE = Manual;
				COMBINE_HIDPI_IMAGES = YES;
				CURRENT_PROJECT_VERSION = 1;
				DEVELOPMENT_TEAM = UUM29335B4;
				ENABLE_HARDENED_RUNTIME = YES;
				GENERATE_INFOPLIST_FILE = YES;
				INFOPLIST_FILE = Dikta/Resources/Info.plist;
				INFOPLIST_KEY_LSApplicationCategoryType = "public.app-category.utilities";
				INFOPLIST_KEY_NSHumanReadableCopyright = "Copyright © 2026 Sebastian Strandberg. All rights reserved.";
				INFOPLIST_KEY_NSMicrophoneUsageDescription = "Dikta needs microphone access to record your voice for dictation.";
				LD_RUNPATH_SEARCH_PATHS = (
					"$(inherited)",
					"@executable_path/../Frameworks",
				);
				MARKETING_VERSION = 0.3;
				PRODUCT_BUNDLE_IDENTIFIER = com.duatalk.app;
				PRODUCT_NAME = Dikta;
				SWIFT_EMIT_LOC_STRINGS = YES;
				SWIFT_VERSION = 5.0;
			};
			name = Debug;
		};
		B00000000000000000000004 /* Release */ = {
			isa = XCBuildConfiguration;
			buildSettings = {
				ASSETCATALOG_COMPILER_APPICON_NAME = AppIcon;
				ASSETCATALOG_COMPILER_GLOBAL_ACCENT_COLOR_NAME = AccentColor;
				CODE_SIGN_ENTITLEMENTS = Dikta/Resources/Dikta.entitlements;
				CODE_SIGN_IDENTITY = "Developer ID Application";
				CODE_SIGN_STYLE = Manual;
				COMBINE_HIDPI_IMAGES = YES;
				CURRENT_PROJECT_VERSION = 1;
				DEVELOPMENT_TEAM = UUM29335B4;
				ENABLE_HARDENED_RUNTIME = YES;
				GENERATE_INFOPLIST_FILE = YES;
				INFOPLIST_FILE = Dikta/Resources/Info.plist;
				INFOPLIST_KEY_LSApplicationCategoryType = "public.app-category.utilities";
				INFOPLIST_KEY_NSHumanReadableCopyright = "Copyright © 2026 Sebastian Strandberg. All rights reserved.";
				INFOPLIST_KEY_NSMicrophoneUsageDescription = "Dikta needs microphone access to record your voice for dictation.";
				LD_RUNPATH_SEARCH_PATHS = (
					"$(inherited)",
					"@executable_path/../Frameworks",
				);
				MARKETING_VERSION = 0.3;
				PRODUCT_BUNDLE_IDENTIFIER = com.duatalk.app;
				PRODUCT_NAME = Dikta;
				SWIFT_EMIT_LOC_STRINGS = YES;
				SWIFT_VERSION = 5.0;
			};
			name = Release;
		};
/* End XCBuildConfiguration section */

/* Begin XCConfigurationList section */
		800000000000000000000001 /* Build configuration list for PBXProject "Dikta" */ = {
			isa = XCConfigurationList;
			buildConfigurations = (
				B00000000000000000000001 /* Debug */,
				B00000000000000000000002 /* Release */,
			);
			defaultConfigurationIsVisible = 0;
			defaultConfigurationName = Release;
		};
		800000000000000000000003 /* Build configuration list for PBXNativeTarget "Dikta" */ = {
			isa = XCConfigurationList;
			buildConfigurations = (
				B00000000000000000000003 /* Debug */,
				B00000000000000000000004 /* Release */,
			);
			defaultConfigurationIsVisible = 0;
			defaultConfigurationName = Release;
		};
/* End XCConfigurationList section */

/* Begin XCRemoteSwiftPackageReference section */
		A00000000000000000000001 /* XCRemoteSwiftPackageReference "WhisperKit" */ = {
			isa = XCRemoteSwiftPackageReference;
			repositoryURL = "https://github.com/argmaxinc/WhisperKit";
			requirement = {
				kind = upToNextMajorVersion;
				minimumVersion = 0.9.0;
			};
		};
		A00000000000000000000002 /* XCRemoteSwiftPackageReference "llama.swift" */ = {
			isa = XCRemoteSwiftPackageReference;
			repositoryURL = "https://github.com/mattt/llama.swift";
			requirement = {
				kind = upToNextMajorVersion;
				minimumVersion = 2.8028.0;
			};
		};
/* End XCRemoteSwiftPackageReference section */

/* Begin XCSwiftPackageProductDependency section */
		300000000000000000000001 /* WhisperKit */ = {
			isa = XCSwiftPackageProductDependency;
			package = A00000000000000000000001 /* XCRemoteSwiftPackageReference "WhisperKit" */;
			productName = WhisperKit;
		};
		300000000000000000000002 /* LlamaSwift */ = {
			isa = XCSwiftPackageProductDependency;
			package = A00000000000000000000002 /* XCRemoteSwiftPackageReference "llama.swift" */;
			productName = LlamaSwift;
		};
/* End XCSwiftPackageProductDependency section */
	};
	rootObject = 900000000000000000000001 /* Project object */;
}
